
Microsoft Visual Studio Solution File, Format Version 12.00
# Visual Studio Version 17
VisualStudioVersion = 17.14.36915.13
MinimumVisualStudioVersion = 10.0.40219.1
Project("{FAE04EC0-301F-11D3-BF4B-00C04F79EFBC}") = "VeterinaryJournalSystem.API", "VeterinaryJournalSystem.API\VeterinaryJournalSystem.API.csproj", "{C11EB381-774A-430E-9ED3-E084264A5275}"
EndProject
Project("{FAE04EC0-301F-11D3-BF4B-00C04F79EFBC}") = "VeterinaryJournalSystem.Tests", "VeterinaryJournalSystem.Tests\VeterinaryJournalSystem.Tests.csproj", "{FE30BF62-499C-4774-B5BE-2054C5BC4C7B}"
EndProject
Project("{FAE04EC0-301F-11D3-BF4B-00C04F79EFBC}") = "VeterinaryJournalSystem.Client", "VeterinaryJournalSystem.Client\VeterinaryJournalSystem.Client.csproj", "{AA164921-C611-42CF-95BA-5F6D8FF02492}"
EndProject
Project("{2150E333-8FDC-42A3-9474-1A3956D46DE8}") = ".github", ".github", "{02EA681E-C7D8-13C7-8484-4AC65E1B71E8}"
EndProject
Project("{2150E333-8FDC-42A3-9474-1A3956D46DE8}") = "workflows", "workflows", "{BEE32092-294D-4593-A4BA-12A43440A6E1}"
	ProjectSection(SolutionItems) = preProject
		build-and-test.yml = build-and-test.yml
	EndProjectSection
EndProject
Project("{FAE04EC0-301F-11D3-BF4B-00C04F79EFBC}") = "VeterinaryJournalSystem.Domain", "VeterinaryJournalSystem.Domain\VeterinaryJournalSystem.Domain.csproj", "{41B61E10-8B8C-4F2D-BADB-0DAA108340DD}"
EndProject
Project("{FAE04EC0-301F-11D3-BF4B-00C04F79EFBC}") = "VeterinaryJournalSystem.Application", "VeterinaryJournalSystem.Application\VeterinaryJournalSystem.Application.csproj", "{5D22819E-F0BF-4690-B022-318DF2FA311D}"
EndProject
Project("{FAE04EC0-301F-11D3-BF4B-00C04F79EFBC}") = "VeterinaryJournalSystem.Infrastructure", "VeterinaryJournalSystem.Infrastructure\VeterinaryJournalSystem.Infrastructure.csproj", "{BF648928-20CF-4BED-81F8-8B7925803D83}"
EndProject
Global
	GlobalSection(SolutionConfigurationPlatforms) = preSolution
		Debug|Any CPU = Debug|Any CPU
		Debug|x64 = Debug|x64
		Debug|x86 = Debug|x86
		Release|Any CPU = Release|Any CPU
		Release|x64 = Release|x64
		Release|x86 = Release|x86
	EndGlobalSection
	GlobalSection(ProjectConfigurationPlatforms) = postSolution
		{C11EB381-774A-430E-9ED3-E084264A5275}.Debug|Any CPU.ActiveCfg = Debug|Any CPU
		{C11EB381-774A-430E-9ED3-E084264A5275}.Debug|Any CPU.Build.0 = Debug|Any CPU
		{C11EB381-774A-430E-9ED3-E084264A5275}.Debug|x64.ActiveCfg = Debug|Any CPU
		{C11EB381-774A-430E-9ED3-E084264A5275}.Debug|x64.Build.0 = Debug|Any CPU
		{C11EB381-774A-430E-9ED3-E084264A5275}.Debug|x86.ActiveCfg = Debug|Any CPU
		{C11EB381-774A-430E-9ED3-E084264A5275}.Debug|x86.Build.0 = Debug|Any CPU
		{C11EB381-774A-430E-9ED3-E084264A5275}.Release|Any CPU.ActiveCfg = Release|Any CPU
		{C11EB381-774A-430E-9ED3-E084264A5275}.Release|Any CPU.Build.0 = Release|Any CPU
		{C11EB381-774A-430E-9ED3-E084264A5275}.Release|x64.ActiveCfg = Release|Any CPU
		{C11EB381-774A-430E-9ED3-E084264A5275}.Release|x64.Build.0 = Release|Any CPU
		{C11EB381-774A-430E-9ED3-E084264A5275}.Release|x86.ActiveCfg = Release|Any CPU
		{C11EB381-774A-430E-9ED3-E084264A5275}.Release|x86.Build.0 = Release|Any CPU
		{FE30BF62-499C-4774-B5BE-2054C5BC4C7B}.Debug|Any CPU.ActiveCfg = Debug|Any CPU
		{FE30BF62-499C-4774-B5BE-2054C5BC4C7B}.Debug|Any CPU.Build.0 = Debug|Any CPU
		{FE30BF62-499C-4774-B5BE-2054C5BC4C7B}.Debug|x64.ActiveCfg = Debug|Any CPU
		{FE30BF62-499C-4774-B5BE-2054C5BC4C7B}.Debug|x64.Build.0 = Debug|Any CPU
		{FE30BF62-499C-4774-B5BE-2054C5BC4C7B}.Debug|x86.ActiveCfg = Debug|Any CPU
		{FE30BF62-499C-4774-B5BE-2054C5BC4C7B}.Debug|x86.Build.0 = Debug|Any CPU
		{FE30BF62-499C-4774-B5BE-2054C5BC4C7B}.Release|Any CPU.ActiveCfg = Release|Any CPU
		{FE30BF62-499C-4774-B5BE-2054C5BC4C7B}.Release|Any CPU.Build.0 = Release|Any CPU
		{FE30BF62-499C-4774-B5BE-2054C5BC4C7B}.Release|x64.ActiveCfg = Release|Any CPU
		{FE30BF62-499C-4774-B5BE-2054C5BC4C7B}.Release|x64.Build.0 = Release|Any CPU
		{FE30BF62-499C-4774-B5BE-2054C5BC4C7B}.Release|x86.ActiveCfg = Release|Any CPU
		{FE30BF62-499C-4774-B5BE-2054C5BC4C7B}.Release|x86.Build.0 = Release|Any CPU
		{AA164921-C611-42CF-95BA-5F6D8FF02492}.Debug|Any CPU.ActiveCfg = Debug|Any CPU
		{AA164921-C611-42CF-95BA-5F6D8FF02492}.Debug|Any CPU.Build.0 = Debug|Any CPU
		{AA164921-C611-42CF-95BA-5F6D8FF02492}.Debug|x64.ActiveCfg = Debug|Any CPU
		{AA164921-C611-42CF-95BA-5F6D8FF02492}.Debug|x64.Build.0 = Debug|Any CPU
		{AA164921-C611-42CF-95BA-5F6D8FF02492}.Debug|x86.ActiveCfg = Debug|Any CPU
		{AA164921-C611-42CF-95BA-5F6D8FF02492}.Debug|x86.Build.0 = Debug|Any CPU
		{AA164921-C611-42CF-95BA-5F6D8FF02492}.Release|Any CPU.ActiveCfg = Release|Any CPU
		{AA164921-C611-42CF-95BA-5F6D8FF02492}.Release|Any CPU.Build.0 = Release|Any CPU
		{AA164921-C611-42CF-95BA-5F6D8FF02492}.Release|x64.ActiveCfg = Release|Any CPU
		{AA164921-C611-42CF-95BA-5F6D8FF02492}.Release|x64.Build.0 = Release|Any CPU
		{AA164921-C611-42CF-95BA-5F6D8FF02492}.Release|x86.ActiveCfg = Release|Any CPU
		{AA164921-C611-42CF-95BA-5F6D8FF02492}.Release|x86.Build.0 = Release|Any CPU
		{41B61E10-8B8C-4F2D-BADB-0DAA108340DD}.Debug|Any CPU.ActiveCfg = Debug|Any CPU
		{41B61E10-8B8C-4F2D-BADB-0DAA108340DD}.Debug|Any CPU.Build.0 = Debug|Any CPU
		{41B61E10-8B8C-4F2D-BADB-0DAA108340DD}.Debug|x64.ActiveCfg = Debug|Any CPU
		{41B61E10-8B8C-4F2D-BADB-0DAA108340DD}.Debug|x64.Build.0 = Debug|Any CPU
		{41B61E10-8B8C-4F2D-BADB-0DAA108340DD}.Debug|x86.ActiveCfg = Debug|Any CPU
		{41B61E10-8B8C-4F2D-BADB-0DAA108340DD}.Debug|x86.Build.0 = Debug|Any CPU
		{41B61E10-8B8C-4F2D-BADB-0DAA108340DD}.Release|Any CPU.ActiveCfg = Release|Any CPU
		{41B61E10-8B8C-4F2D-BADB-0DAA108340DD}.Release|Any CPU.Build.0 = Release|Any CPU
		{41B61E10-8B8C-4F2D-BADB-0DAA108340DD}.Release|x64.ActiveCfg = Release|Any CPU
		{41B61E10-8B8C-4F2D-BADB-0DAA108340DD}.Release|x64.Build.0 = Release|Any CPU
		{41B61E10-8B8C-4F2D-BADB-0DAA108340DD}.Release|x86.ActiveCfg = Release|Any CPU
		{41B61E10-8B8C-4F2D-BADB-0DAA108340DD}.Release|x86.Build.0 = Release|Any CPU
		{5D22819E-F0BF-4690-B022-318DF2FA311D}.Debug|Any CPU.ActiveCfg = Debug|Any CPU
		{5D22819E-F0BF-4690-B022-318DF2FA311D}.Debug|Any CPU.Build.0 = Debug|Any CPU
		{5D22819E-F0BF-4690-B022-318DF2FA311D}.Debug|x64.ActiveCfg = Debug|Any CPU
		{5D22819E-F0BF-4690-B022-318DF2FA311D}.Debug|x64.Build.0 = Debug|Any CPU
		{5D22819E-F0BF-4690-B022-318DF2FA311D}.Debug|x86.ActiveCfg = Debug|Any CPU
		{5D22819E-F0BF-4690-B022-318DF2FA311D}.Debug|x86.Build.0 = Debug|Any CPU
		{5D22819E-F0BF-4690-B022-318DF2FA311D}.Release|Any CPU.ActiveCfg = Release|Any CPU
		{5D22819E-F0BF-4690-B022-318DF2FA311D}.Release|Any CPU.Build.0 = Release|Any CPU
		{5D22819E-F0BF-4690-B022-318DF2FA311D}.Release|x64.ActiveCfg = Release|Any CPU
		{5D22819E-F0BF-4690-B022-318DF2FA311D}.Release|x64.Build.0 = Release|Any CPU
		{5D22819E-F0BF-4690-B022-318DF2FA311D}.Release|x86.ActiveCfg = Release|Any CPU
		{5D22819E-F0BF-4690-B022-318DF2FA311D}.Release|x86.Build.0 = Release|Any CPU
		{BF648928-20CF-4BED-81F8-8B7925803D83}.Debug|Any CPU.ActiveCfg = Debug|Any CPU
		{BF648928-20CF-4BED-81F8-8B7925803D83}.Debug|Any CPU.Build.0 = Debug|Any CPU
		{BF648928-20CF-4BED-81F8-8B7925803D83}.Debug|x64.ActiveCfg = Debug|Any CPU
		{BF648928-20CF-4BED-81F8-8B7925803D83}.Debug|x64.Build.0 = Debug|Any CPU
		{BF648928-20CF-4BED-81F8-8B7925803D83}.Debug|x86.ActiveCfg = Debug|Any CPU
		{BF648928-20CF-4BED-81F8-8B7925803D83}.Debug|x86.Build.0 = Debug|Any CPU
		{BF648928-20CF-4BED-81F8-8B7925803D83}.Release|Any CPU.ActiveCfg = Release|Any CPU
		{BF648928-20CF-4BED-81F8-8B7925803D83}.Release|Any CPU.Build.0 = Release|Any CPU
		{BF648928-20CF-4BED-81F8-8B7925803D83}.Release|x64.ActiveCfg = Release|Any CPU
		{BF648928-20CF-4BED-81F8-8B7925803D83}.Release|x64.Build.0 = Release|Any CPU
		{BF648928-20CF-4BED-81F8-8B7925803D83}.Release|x86.ActiveCfg = Release|Any CPU
		{BF648928-20CF-4BED-81F8-8B7925803D83}.Release|x86.Build.0 = Release|Any CPU
	EndGlobalSection
	GlobalSection(SolutionProperties) = preSolution
		HideSolutionNode = FALSE
	EndGlobalSection
	GlobalSection(NestedProjects) = preSolution
		{BEE32092-294D-4593-A4BA-12A43440A6E1} = {02EA681E-C7D8-13C7-8484-4AC65E1B71E8}
	EndGlobalSection
	GlobalSection(ExtensibilityGlobals) = postSolution
		SolutionGuid = {6F201D99-536A-4021-95EF-D4B426DB3D7F}
	EndGlobalSection
EndGlobal
